{
  "object": {
    "pins": [
      {
        "package": "Chess",
        "repositoryURL": "https://github.com/TitouanVanBelle/Chess",
        "state": {
          "branch": "main",
          "revision": "f558d136a769d1a2c2cd9199a30e9fd87682fe99",
          "version": null
        }
      },
      {
        "package": "PureLayout",
        "repositoryURL": "https://github.com/PureLayout/PureLayout",
        "state": {
          "branch": null,
          "revision": "5561683c96dc49b023c1299bfe4f6fbeed5f8199",
          "version": "3.1.9"
        }
      }
    ]
  },
  "version": 1
}
